
Microsoft Visual Studio Solution File, Format Version 12.00
# Visual Studio Version 16
VisualStudioVersion = 16.0.31321.278
MinimumVisualStudioVersion = 10.0.40219.1
Project("{FAE04EC0-301F-11D3-BF4B-00C04F79EFBC}") = "DeliveryProject_7_7", "DeliveryProject_7_7\DeliveryProject_7_7.csproj", "{BBFB2446-D496-4D18-B630-B9B700269B52}"
EndProject
Global
	GlobalSection(SolutionConfigurationPlatforms) = preSolution
		Debug|Any CPU = Debug|Any CPU
		Release|Any CPU = Release|Any CPU
	EndGlobalSection
	GlobalSection(ProjectConfigurationPlatforms) = postSolution
		{BBFB2446-D496-4D18-B630-B9B700269B52}.Debug|Any CPU.ActiveCfg = Debug|Any CPU
		{BBFB2446-D496-4D18-B630-B9B700269B52}.Debug|Any CPU.Build.0 = Debug|Any CPU
		{BBFB2446-D496-4D18-B630-B9B700269B52}.Release|Any CPU.ActiveCfg = Release|Any CPU
		{BBFB2446-D496-4D18-B630-B9B700269B52}.Release|Any CPU.Build.0 = Release|Any CPU
	EndGlobalSection
	GlobalSection(SolutionProperties) = preSolution
		HideSolutionNode = FALSE
	EndGlobalSection
	GlobalSection(ExtensibilityGlobals) = postSolution
		SolutionGuid = {19A2DDB0-6CB5-4B52-B1D7-41DE9D3090EB}
	EndGlobalSection
EndGlobal
